{
  "name": "@juicyfx/php",
  "version": "0.0.3-canary.1",
  "lockfileVersion": 1,
  "requires": true,
  "dependencies": {
    "@juicyfx/php-cli": {
      "version": "0.0.1-canary.1",
      "resolved": "https://registry.npmjs.org/@juicyfx/php-cli/-/php-cli-0.0.1-canary.1.tgz",
      "integrity": "sha512-iIMf+s58DdzU72bn4snczdjUYuBBgwF9rHD0VSVuuRi8vHdJXkaCqQzXryqi4Td4rXRL8+/uYbN8YkWeC9XndA==",
      "requires": {
        "@juicyfx/php-lib-73": "^0.0.3-canary.0"
      }
    },
    "@juicyfx/php-fpm": {
      "version": "0.0.3-canary.0",
      "resolved": "https://registry.npmjs.org/@juicyfx/php-fpm/-/php-fpm-0.0.3-canary.0.tgz",
      "integrity": "sha512-qTsmEZ52PD+I2AWaAQrDkc4G0BPii3sAo8nDAKIJaE8tJ4nBkNzJh0xflbpdGe5R1NeQJi1IvqeCJERy1R/aVw==",
      "requires": {
        "@juicyfx/php-lib-73": "^0.0.3-canary.0",
        "fastcgi-client": "0.0.1"
      }
    },
    "@juicyfx/php-lib-73": {
      "version": "0.0.3-canary.0",
      "resolved": "https://registry.npmjs.org/@juicyfx/php-lib-73/-/php-lib-73-0.0.3-canary.0.tgz",
      "integrity": "sha512-dDBENOvp1VOv18eUcYQafRrDa/VrGHqjDRhm7a3CN+4P0KNmaspUOx+AAb/fTqfGyPrO9QqKmR43wyg+XS7JiA=="
    },
    "fastcgi-client": {
      "version": "0.0.1",
      "resolved": "https://registry.npmjs.org/fastcgi-client/-/fastcgi-client-0.0.1.tgz",
      "integrity": "sha1-EEbUL/LO4qmsA/6gRpWz73MRhhw="
    }
  }
}
